// !$*UTF8*$!
{
	archiveVersion = 1;
	classes = {
	};
	objectVersion = 56;
	objects = {

/* Begin PBXBuildFile section */
		A3BUILD00000000000000001 /* AppDelegate.swift in Sources */ = {isa = PBXBuildFile; fileRef = A3FILE000000000000000001 /* AppDelegate.swift */; };
		A3BUILD00000000000000002 /* SceneDelegate.swift in Sources */ = {isa = PBXBuildFile; fileRef = A3FILE000000000000000002 /* SceneDelegate.swift */; };
		A3BUILD00000000000000003 /* Main.storyboard in Resources */ = {isa = PBXBuildFile; fileRef = A3FILE000000000000000003 /* Main.storyboard */; };
		A3BUILD00000000000000004 /* LaunchScreen.storyboard in Resources */ = {isa = PBXBuildFile; fileRef = A3FILE000000000000000004 /* LaunchScreen.storyboard */; };
		A3BUILD00000000000000006 /* GoogleService-Info.plist in Resources */ = {isa = PBXBuildFile; fileRef = A3FILE000000000000000006 /* GoogleService-Info.plist */; };
		A3BUILD00000000000000010 /* House.swift in Sources */ = {isa = PBXBuildFile; fileRef = A3FILE000000000000000010 /* House.swift */; };
		A3BUILD00000000000000011 /* Room.swift in Sources */ = {isa = PBXBuildFile; fileRef = A3FILE000000000000000011 /* Room.swift */; };
		A3BUILD00000000000000012 /* Window.swift in Sources */ = {isa = PBXBuildFile; fileRef = A3FILE000000000000000012 /* Window.swift */; };
		A3BUILD00000000000000013 /* FloorSpace.swift in Sources */ = {isa = PBXBuildFile; fileRef = A3FILE000000000000000013 /* FloorSpace.swift */; };
		A3BUILD00000000000000014 /* Product.swift in Sources */ = {isa = PBXBuildFile; fileRef = A3FILE000000000000000014 /* Product.swift */; };
		A3BUILD00000000000000020 /* HousesViewController.swift in Sources */ = {isa = PBXBuildFile; fileRef = A3FILE000000000000000020 /* HousesViewController.swift */; };
		A3BUILD00000000000000021 /* HouseDetailViewController.swift in Sources */ = {isa = PBXBuildFile; fileRef = A3FILE000000000000000021 /* HouseDetailViewController.swift */; };
		A3BUILD00000000000000022 /* RoomDetailViewController.swift in Sources */ = {isa = PBXBuildFile; fileRef = A3FILE000000000000000022 /* RoomDetailViewController.swift */; };
		A3BUILD00000000000000023 /* ProductListViewController.swift in Sources */ = {isa = PBXBuildFile; fileRef = A3FILE000000000000000023 /* ProductListViewController.swift */; };
		A3BUILD00000000000000024 /* QuoteViewController.swift in Sources */ = {isa = PBXBuildFile; fileRef = A3FILE000000000000000024 /* QuoteViewController.swift */; };
		A3BUILD00000000000000030 /* CompatibilityChecker.swift in Sources */ = {isa = PBXBuildFile; fileRef = A3FILE000000000000000030 /* CompatibilityChecker.swift */; };
		A3BUILD00000000000000031 /* PhotoHelper.swift in Sources */ = {isa = PBXBuildFile; fileRef = A3FILE000000000000000031 /* PhotoHelper.swift */; };
		A3BUILD00000000000000032 /* APIConfig.swift in Sources */ = {isa = PBXBuildFile; fileRef = A3FILE000000000000000032 /* APIConfig.swift */; };
/* End PBXBuildFile section */

/* Begin PBXFileReference section */
		A3FILE000000000000000001 /* AppDelegate.swift */ = {isa = PBXFileReference; lastKnownFileType = sourcecode.swift; path = AppDelegate.swift; sourceTree = "<group>"; };
		A3FILE000000000000000002 /* SceneDelegate.swift */ = {isa = PBXFileReference; lastKnownFileType = sourcecode.swift; path = SceneDelegate.swift; sourceTree = "<group>"; };
		A3FILE000000000000000003 /* Main.storyboard */ = {isa = PBXFileReference; lastKnownFileType = file.storyboard; name = Main.storyboard; path = Base.lproj/Main.storyboard; sourceTree = "<group>"; };
		A3FILE000000000000000004 /* LaunchScreen.storyboard */ = {isa = PBXFileReference; lastKnownFileType = file.storyboard; name = LaunchScreen.storyboard; path = Base.lproj/LaunchScreen.storyboard; sourceTree = "<group>"; };
		A3FILE000000000000000005 /* Info.plist */ = {isa = PBXFileReference; lastKnownFileType = text.plist.xml; path = Info.plist; sourceTree = "<group>"; };
		A3FILE000000000000000006 /* GoogleService-Info.plist */ = {isa = PBXFileReference; lastKnownFileType = text.plist.xml; path = "GoogleService-Info.plist"; sourceTree = "<group>"; };
		A3FILE000000000000000010 /* House.swift */ = {isa = PBXFileReference; lastKnownFileType = sourcecode.swift; path = House.swift; sourceTree = "<group>"; };
		A3FILE000000000000000011 /* Room.swift */ = {isa = PBXFileReference; lastKnownFileType = sourcecode.swift; path = Room.swift; sourceTree = "<group>"; };
		A3FILE000000000000000012 /* Window.swift */ = {isa = PBXFileReference; lastKnownFileType = sourcecode.swift; path = Window.swift; sourceTree = "<group>"; };
		A3FILE000000000000000013 /* FloorSpace.swift */ = {isa = PBXFileReference; lastKnownFileType = sourcecode.swift; path = FloorSpace.swift; sourceTree = "<group>"; };
		A3FILE000000000000000014 /* Product.swift */ = {isa = PBXFileReference; lastKnownFileType = sourcecode.swift; path = Product.swift; sourceTree = "<group>"; };
		A3FILE000000000000000020 /* HousesViewController.swift */ = {isa = PBXFileReference; lastKnownFileType = sourcecode.swift; path = HousesViewController.swift; sourceTree = "<group>"; };
		A3FILE000000000000000021 /* HouseDetailViewController.swift */ = {isa = PBXFileReference; lastKnownFileType = sourcecode.swift; path = HouseDetailViewController.swift; sourceTree = "<group>"; };
		A3FILE000000000000000022 /* RoomDetailViewController.swift */ = {isa = PBXFileReference; lastKnownFileType = sourcecode.swift; path = RoomDetailViewController.swift; sourceTree = "<group>"; };
		A3FILE000000000000000023 /* ProductListViewController.swift */ = {isa = PBXFileReference; lastKnownFileType = sourcecode.swift; path = ProductListViewController.swift; sourceTree = "<group>"; };
		A3FILE000000000000000024 /* QuoteViewController.swift */ = {isa = PBXFileReference; lastKnownFileType = sourcecode.swift; path = QuoteViewController.swift; sourceTree = "<group>"; };
		A3FILE000000000000000030 /* CompatibilityChecker.swift */ = {isa = PBXFileReference; lastKnownFileType = sourcecode.swift; path = CompatibilityChecker.swift; sourceTree = "<group>"; };
		A3FILE000000000000000031 /* PhotoHelper.swift */ = {isa = PBXFileReference; lastKnownFileType = sourcecode.swift; path = PhotoHelper.swift; sourceTree = "<group>"; };
		A3FILE000000000000000032 /* APIConfig.swift */ = {isa = PBXFileReference; lastKnownFileType = sourcecode.swift; path = APIConfig.swift; sourceTree = "<group>"; };
		A3PROD000000000000000001 /* InteriorDesignQuote.app */ = {isa = PBXFileReference; explicitFileType = wrapper.application; includeInIndex = 0; path = InteriorDesignQuote.app; sourceTree = BUILT_PRODUCTS_DIR; };
/* End PBXFileReference section */

/* Begin PBXFrameworksBuildPhase section */
		A3PHASE00000000000000003 /* Frameworks */ = {
			isa = PBXFrameworksBuildPhase;
			buildActionMask = 2147483647;
			files = (
			);
			runOnlyForDeploymentPostprocessing = 0;
		};
/* End PBXFrameworksBuildPhase section */

/* Begin PBXGroup section */
		A3GROUP00000000000000001 /* InteriorDesignQuote */ = {
			isa = PBXGroup;
			children = (
				A3FILE000000000000000001 /* AppDelegate.swift */,
				A3FILE000000000000000002 /* SceneDelegate.swift */,
				A3FILE000000000000000003 /* Main.storyboard */,
				A3FILE000000000000000004 /* LaunchScreen.storyboard */,
				A3FILE000000000000000005 /* Info.plist */,
				A3FILE000000000000000006 /* GoogleService-Info.plist */,
				A3GROUP00000000000000003 /* Models */,
				A3GROUP00000000000000004 /* ViewControllers */,
				A3GROUP00000000000000005 /* Helpers */,
			);
			name = InteriorDesignQuote;
			path = InteriorDesignQuote;
			sourceTree = "<group>";
		};
		A3GROUP00000000000000002 /* Products */ = {
			isa = PBXGroup;
			children = (
				A3PROD000000000000000001 /* InteriorDesignQuote.app */,
			);
			name = Products;
			sourceTree = "<group>";
		};
		A3GROUP00000000000000003 /* Models */ = {
			isa = PBXGroup;
			children = (
				A3FILE000000000000000010 /* House.swift */,
				A3FILE000000000000000011 /* Room.swift */,
				A3FILE000000000000000012 /* Window.swift */,
				A3FILE000000000000000013 /* FloorSpace.swift */,
				A3FILE000000000000000014 /* Product.swift */,
			);
			name = Models;
			path = Models;
			sourceTree = "<group>";
		};
		A3GROUP00000000000000004 /* ViewControllers */ = {
			isa = PBXGroup;
			children = (
				A3FILE000000000000000020 /* HousesViewController.swift */,
				A3FILE000000000000000021 /* HouseDetailViewController.swift */,
				A3FILE000000000000000022 /* RoomDetailViewController.swift */,
				A3FILE000000000000000023 /* ProductListViewController.swift */,
				A3FILE000000000000000024 /* QuoteViewController.swift */,
			);
			name = ViewControllers;
			path = ViewControllers;
			sourceTree = "<group>";
		};
		A3GROUP00000000000000005 /* Helpers */ = {
			isa = PBXGroup;
			children = (
				A3FILE000000000000000030 /* CompatibilityChecker.swift */,
				A3FILE000000000000000031 /* PhotoHelper.swift */,
				A3FILE000000000000000032 /* APIConfig.swift */,
			);
			name = Helpers;
			path = Helpers;
			sourceTree = "<group>";
		};
		A3ROOTGROUP000000000001 /* root */ = {
			isa = PBXGroup;
			children = (
				A3GROUP00000000000000001 /* InteriorDesignQuote */,
				A3GROUP00000000000000002 /* Products */,
			);
			sourceTree = "<group>";
		};
/* End PBXGroup section */

/* Begin PBXNativeTarget section */
		A3TARGET0000000000000001 /* InteriorDesignQuote */ = {
			isa = PBXNativeTarget;
			buildConfigurationList = A3CLIST00000000000000002 /* Build configuration list for PBXNativeTarget "InteriorDesignQuote" */;
			buildPhases = (
				A3PHASE00000000000000001 /* Sources */,
				A3PHASE00000000000000002 /* Resources */,
				A3PHASE00000000000000003 /* Frameworks */,
			);
			buildRules = (
			);
			dependencies = (
			);
			name = InteriorDesignQuote;
			productName = InteriorDesignQuote;
			productReference = A3PROD000000000000000001 /* InteriorDesignQuote.app */;
			productType = "com.apple.product-type.application";
		};
/* End PBXNativeTarget section */

/* Begin PBXProject section */
		A3PROJ00000000000000000A /* Project object */ = {
			isa = PBXProject;
			attributes = {
				BuildIndependentTargetsInParallel = 1;
				LastSwiftUpdateCheck = 1500;
				LastUpgradeCheck = 1500;
				ORGANIZATIONNAME = "UTAS KIT305";
				TargetAttributes = {
					A3TARGET0000000000000001 = {
						CreatedOnToolsVersion = 15.0;
					};
				};
			};
			buildConfigurationList = A3CLIST00000000000000001 /* Build configuration list for PBXProject "InteriorDesignQuote" */;
			compatibilityVersion = "Xcode 14.0";
			developmentRegion = en;
			hasScannedForEncodings = 0;
			knownRegions = (
				en,
				Base,
			);
			mainGroup = A3ROOTGROUP000000000001;
			productRefGroup = A3GROUP00000000000000002 /* Products */;
			projectDirPath = "";
			projectRoot = "";
			targets = (
				A3TARGET0000000000000001 /* InteriorDesignQuote */,
			);
		};
/* End PBXProject section */

/* Begin PBXResourcesBuildPhase section */
		A3PHASE00000000000000002 /* Resources */ = {
			isa = PBXResourcesBuildPhase;
			buildActionMask = 2147483647;
			files = (
				A3BUILD00000000000000003 /* Main.storyboard in Resources */,
				A3BUILD00000000000000004 /* LaunchScreen.storyboard in Resources */,
				A3BUILD00000000000000006 /* GoogleService-Info.plist in Resources */,
			);
			runOnlyForDeploymentPostprocessing = 0;
		};
/* End PBXResourcesBuildPhase section */

/* Begin PBXSourcesBuildPhase section */
		A3PHASE00000000000000001 /* Sources */ = {
			isa = PBXSourcesBuildPhase;
			buildActionMask = 2147483647;
			files = (
				A3BUILD00000000000000001 /* AppDelegate.swift in Sources */,
				A3BUILD00000000000000002 /* SceneDelegate.swift in Sources */,
				A3BUILD00000000000000010 /* House.swift in Sources */,
				A3BUILD00000000000000011 /* Room.swift in Sources */,
				A3BUILD00000000000000012 /* Window.swift in Sources */,
				A3BUILD00000000000000013 /* FloorSpace.swift in Sources */,
				A3BUILD00000000000000014 /* Product.swift in Sources */,
				A3BUILD00000000000000020 /* HousesViewController.swift in Sources */,
				A3BUILD00000000000000021 /* HouseDetailViewController.swift in Sources */,
				A3BUILD00000000000000022 /* RoomDetailViewController.swift in Sources */,
				A3BUILD00000000000000023 /* ProductListViewController.swift in Sources */,
				A3BUILD00000000000000024 /* QuoteViewController.swift in Sources */,
				A3BUILD00000000000000030 /* CompatibilityChecker.swift in Sources */,
				A3BUILD00000000000000031 /* PhotoHelper.swift in Sources */,
				A3BUILD00000000000000032 /* APIConfig.swift in Sources */,
			);
			runOnlyForDeploymentPostprocessing = 0;
		};
/* End PBXSourcesBuildPhase section */

/* Begin XCBuildConfiguration section */
		A3CONF000000000000000001 /* Debug */ = {
			isa = XCBuildConfiguration;
			buildSettings = {
				ALWAYS_SEARCH_USER_PATHS = NO;
				ASSETCATALOG_COMPILER_GENERATE_SWIFT_ASSET_SYMBOL_EXTENSIONS = YES;
				CLANG_ANALYZER_NONNULL = YES;
				CLANG_ANALYZER_NUMBER_OBJECT_CONVERSION = YES_AGGRESSIVE;
				CLANG_CXX_LANGUAGE_STANDARD = "gnu++20";
				CLANG_ENABLE_MODULES = YES;
				CLANG_ENABLE_OBJC_ARC = YES;
				CLANG_ENABLE_OBJC_WEAK = YES;
				CLANG_WARN_BLOCK_CAPTURE_AUTORELEASING = YES;
				CLANG_WARN_BOOL_CONVERSION = YES;
				CLANG_WARN_COMMA = YES;
				CLANG_WARN_CONSTANT_CONVERSION = YES;
				CLANG_WARN_DEPRECATED_OBJC_IMPLEMENTATIONS = YES;
				CLANG_WARN_DIRECT_OBJC_ISA_USAGE = YES_ERROR;
				CLANG_WARN_DOCUMENTATION_COMMENTS = YES;
				CLANG_WARN_EMPTY_BODY = YES;
				CLANG_WARN_ENUM_CONVERSION = YES;
				CLANG_WARN_INFINITE_RECURSION = YES;
				CLANG_WARN_INT_CONVERSION = YES;
				CLANG_WARN_NON_LITERAL_NULL_CONVERSION = YES;
				CLANG_WARN_OBJC_IMPLICIT_RETAIN_CYCLE = YES;
				CLANG_WARN_OBJC_LITERAL_CONVERSION = YES;
				CLANG_WARN_OBJC_ROOT_CLASS = YES_ERROR;
				CLANG_WARN_QUOTED_INCLUDE_IN_FRAMEWORK_HEADER = YES;
				CLANG_WARN_RANGE_LOOP_ANALYSIS = YES;
				CLANG_WARN_STRICT_PROTOTYPES = YES;
				CLANG_WARN_SUSPICIOUS_MOVE = YES;
				CLANG_WARN_UNGUARDED_AVAILABILITY = YES_AGGRESSIVE;
				CLANG_WARN_UNREACHABLE_CODE = YES;
				CLANG_WARN__DUPLICATE_METHOD_MATCH = YES;
				COPY_PHASE_STRIP = NO;
				DEBUG_INFORMATION_FORMAT = dwarf;
				ENABLE_STRICT_OBJC_MSGSEND = YES;
				ENABLE_TESTABILITY = YES;
				ENABLE_USER_SCRIPT_SANDBOXING = YES;
				GCC_C_LANGUAGE_STANDARD = gnu17;
				GCC_DYNAMIC_NO_PIC = NO;
				GCC_NO_COMMON_BLOCKS = YES;
				GCC_OPTIMIZATION_LEVEL = 0;
				GCC_PREPROCESSOR_DEFINITIONS = (
					"DEBUG=1",
					"$(inherited)",
				);
				GCC_WARN_64_TO_32_BIT_CONVERSION = YES;
				GCC_WARN_ABOUT_RETURN_TYPE = YES_ERROR;
				GCC_WARN_UNDECLARED_SELECTOR = YES;
				GCC_WARN_UNINITIALIZED_AUTOS = YES_AGGRESSIVE;
				GCC_WARN_UNUSED_FUNCTION = YES;
				GCC_WARN_UNUSED_VARIABLE = YES;
				IPHONEOS_DEPLOYMENT_TARGET = 15.0;
				MTL_ENABLE_DEBUG_INFO = INCLUDE_SOURCE;
				MTL_FAST_MATH = YES;
				ONLY_ACTIVE_ARCH = YES;
				SDKROOT = iphoneos;
				SWIFT_ACTIVE_COMPILATION_CONDITIONS = DEBUG;
				SWIFT_OPTIMIZATION_LEVEL = "-Onone";
			};
			name = Debug;
		};
		A3CONF000000000000000002 /* Release */ = {
			isa = XCBuildConfiguration;
			buildSettings = {
				ALWAYS_SEARCH_USER_PATHS = NO;
				ASSETCATALOG_COMPILER_GENERATE_SWIFT_ASSET_SYMBOL_EXTENSIONS = YES;
				CLANG_ANALYZER_NONNULL = YES;
				CLANG_ANALYZER_NUMBER_OBJECT_CONVERSION = YES_AGGRESSIVE;
				CLANG_CXX_LANGUAGE_STANDARD = "gnu++20";
				CLANG_ENABLE_MODULES = YES;
				CLANG_ENABLE_OBJC_ARC = YES;
				CLANG_ENABLE_OBJC_WEAK = YES;
				CLANG_WARN_BLOCK_CAPTURE_AUTORELEASING = YES;
				CLANG_WARN_BOOL_CONVERSION = YES;
				CLANG_WARN_COMMA = YES;
				CLANG_WARN_CONSTANT_CONVERSION = YES;
				CLANG_WARN_DEPRECATED_OBJC_IMPLEMENTATIONS = YES;
				CLANG_WARN_DIRECT_OBJC_ISA_USAGE = YES_ERROR;
				CLANG_WARN_DOCUMENTATION_COMMENTS = YES;
				CLANG_WARN_EMPTY_BODY = YES;
				CLANG_WARN_ENUM_CONVERSION = YES;
				CLANG_WARN_INFINITE_RECURSION = YES;
				CLANG_WARN_INT_CONVERSION = YES;
				CLANG_WARN_NON_LITERAL_NULL_CONVERSION = YES;
				CLANG_WARN_OBJC_IMPLICIT_RETAIN_CYCLE = YES;
				CLANG_WARN_OBJC_LITERAL_CONVERSION = YES;
				CLANG_WARN_OBJC_ROOT_CLASS = YES_ERROR;
				CLANG_WARN_QUOTED_INCLUDE_IN_FRAMEWORK_HEADER = YES;
				CLANG_WARN_RANGE_LOOP_ANALYSIS = YES;
				CLANG_WARN_STRICT_PROTOTYPES = YES;
				CLANG_WARN_SUSPICIOUS_MOVE = YES;
				CLANG_WARN_UNGUARDED_AVAILABILITY = YES_AGGRESSIVE;
				CLANG_WARN_UNREACHABLE_CODE = YES;
				CLANG_WARN__DUPLICATE_METHOD_MATCH = YES;
				COPY_PHASE_STRIP = NO;
				DEBUG_INFORMATION_FORMAT = "dwarf-with-dsym";
				ENABLE_NS_ASSERTIONS = NO;
				ENABLE_STRICT_OBJC_MSGSEND = YES;
				ENABLE_USER_SCRIPT_SANDBOXING = YES;
				GCC_C_LANGUAGE_STANDARD = gnu17;
				GCC_NO_COMMON_BLOCKS = YES;
				GCC_WARN_64_TO_32_BIT_CONVERSION = YES;
				GCC_WARN_ABOUT_RETURN_TYPE = YES_ERROR;
				GCC_WARN_UNDECLARED_SELECTOR = YES;
				GCC_WARN_UNINITIALIZED_AUTOS = YES_AGGRESSIVE;
				GCC_WARN_UNUSED_FUNCTION = YES;
				GCC_WARN_UNUSED_VARIABLE = YES;
				IPHONEOS_DEPLOYMENT_TARGET = 15.0;
				MTL_FAST_MATH = YES;
				SDKROOT = iphoneos;
				SWIFT_COMPILATION_MODE = wholemodule;
				SWIFT_OPTIMIZATION_LEVEL = "-O";
				VALIDATE_PRODUCT = YES;
			};
			name = Release;
		};
		A3CONF000000000000000003 /* Debug */ = {
			isa = XCBuildConfiguration;
			buildSettings = {
				ASSETCATALOG_COMPILER_APPICON_NAME = AppIcon;
				ASSETCATALOG_COMPILER_GLOBAL_ACCENT_COLOR_NAME = AccentColor;
				CODE_SIGN_STYLE = Automatic;
				CURRENT_PROJECT_VERSION = 1;
				DEVELOPMENT_TEAM = "";
				GENERATE_INFOPLIST_FILE = NO;
				INFOPLIST_FILE = InteriorDesignQuote/Info.plist;
				IPHONEOS_DEPLOYMENT_TARGET = 15.0;
				LD_RUNPATH_SEARCH_PATHS = (
					"$(inherited)",
					"@executable_path/Frameworks",
				);
				MARKETING_VERSION = 1.0;
				PRODUCT_BUNDLE_IDENTIFIER = "au.edu.utas.kit305.a3";
				PRODUCT_NAME = "$(TARGET_NAME)";
				SWIFT_EMIT_LOC_STRINGS = YES;
				SWIFT_VERSION = 5.0;
				TARGETED_DEVICE_FAMILY = "1,2";
			};
			name = Debug;
		};
		A3CONF000000000000000004 /* Release */ = {
			isa = XCBuildConfiguration;
			buildSettings = {
				ASSETCATALOG_COMPILER_APPICON_NAME = AppIcon;
				ASSETCATALOG_COMPILER_GLOBAL_ACCENT_COLOR_NAME = AccentColor;
				CODE_SIGN_STYLE = Automatic;
				CURRENT_PROJECT_VERSION = 1;
				DEVELOPMENT_TEAM = "";
				GENERATE_INFOPLIST_FILE = NO;
				INFOPLIST_FILE = InteriorDesignQuote/Info.plist;
				IPHONEOS_DEPLOYMENT_TARGET = 15.0;
				LD_RUNPATH_SEARCH_PATHS = (
					"$(inherited)",
					"@executable_path/Frameworks",
				);
				MARKETING_VERSION = 1.0;
				PRODUCT_BUNDLE_IDENTIFIER = "au.edu.utas.kit305.a3";
				PRODUCT_NAME = "$(TARGET_NAME)";
				SWIFT_EMIT_LOC_STRINGS = YES;
				SWIFT_VERSION = 5.0;
				TARGETED_DEVICE_FAMILY = "1,2";
			};
			name = Release;
		};
/* End XCBuildConfiguration section */

/* Begin XCConfigurationList section */
		A3CLIST00000000000000001 /* Build configuration list for PBXProject "InteriorDesignQuote" */ = {
			isa = XCConfigurationList;
			buildConfigurations = (
				A3CONF000000000000000001 /* Debug */,
				A3CONF000000000000000002 /* Release */,
			);
			defaultConfigurationIsVisible = 0;
			defaultConfigurationName = Release;
		};
		A3CLIST00000000000000002 /* Build configuration list for PBXNativeTarget "InteriorDesignQuote" */ = {
			isa = XCConfigurationList;
			buildConfigurations = (
				A3CONF000000000000000003 /* Debug */,
				A3CONF000000000000000004 /* Release */,
			);
			defaultConfigurationIsVisible = 0;
			defaultConfigurationName = Release;
		};
/* End XCConfigurationList section */

	};
	rootObject = A3PROJ00000000000000000A /* Project object */;
}
